# THIS IS AN AUTOGENERATED FILE. DO NOT EDIT THIS FILE DIRECTLY.
# yarn lockfile v1


valibot@^1.1.0:
  version "1.1.0"
  resolved "https://registry.yarnpkg.com/valibot/-/valibot-1.1.0.tgz#873bb1af9e1577391690307bfe0520bd1360ec2d"
  integrity sha512-Nk8lX30Qhu+9txPYTwM0cFlWLdPFsFr6LblzqIySfbZph9+BFsAHsNvHOymEviUepeIW6KFHzpX8TKhbptBXXw==
